
Microsoft Visual Studio Solution File, Format Version 12.00
# Visual Studio Version 16
VisualStudioVersion = 16.0.32106.194
MinimumVisualStudioVersion = 10.0.40219.1
Project("{FAE04EC0-301F-11D3-BF4B-00C04F79EFBC}") = "PharmacyApp_NET", "PharmacyApp_NET\PharmacyApp_NET.csproj", "{4448065A-AF2D-4BC0-AC54-0C67DA845FC8}"
EndProject
Global
	GlobalSection(SolutionConfigurationPlatforms) = preSolution
		Debug|Any CPU = Debug|Any CPU
		Release|Any CPU = Release|Any CPU
	EndGlobalSection
	GlobalSection(ProjectConfigurationPlatforms) = postSolution
		{4448065A-AF2D-4BC0-AC54-0C67DA845FC8}.Debug|Any CPU.ActiveCfg = Debug|Any CPU
		{4448065A-AF2D-4BC0-AC54-0C67DA845FC8}.Debug|Any CPU.Build.0 = Debug|Any CPU
		{4448065A-AF2D-4BC0-AC54-0C67DA845FC8}.Release|Any CPU.ActiveCfg = Release|Any CPU
		{4448065A-AF2D-4BC0-AC54-0C67DA845FC8}.Release|Any CPU.Build.0 = Release|Any CPU
	EndGlobalSection
	GlobalSection(SolutionProperties) = preSolution
		HideSolutionNode = FALSE
	EndGlobalSection
	GlobalSection(ExtensibilityGlobals) = postSolution
		SolutionGuid = {7C02EDD4-5584-4601-9EA2-789279E7CDD4}
	EndGlobalSection
EndGlobal
